// !$*UTF8*$!
{
	archiveVersion = 1;
	classes = {
	};
	objectVersion = 50;
	objects = {

/* Begin PBXBuildFile section */
		4D24FF6523FD353900A24A00 /* AppDelegate.swift in Sources */ = {isa = PBXBuildFile; fileRef = 4D24FF6423FD353900A24A00 /* AppDelegate.swift */; };
		4D24FF6723FD353900A24A00 /* SceneDelegate.swift in Sources */ = {isa = PBXBuildFile; fileRef = 4D24FF6623FD353900A24A00 /* SceneDelegate.swift */; };
		4D24FF6923FD353900A24A00 /* ViewController.swift in Sources */ = {isa = PBXBuildFile; fileRef = 4D24FF6823FD353900A24A00 /* ViewController.swift */; };
		4D24FF6C23FD353900A24A00 /* Main.storyboard in Resources */ = {isa = PBXBuildFile; fileRef = 4D24FF6A23FD353900A24A00 /* Main.storyboard */; };
		4D24FF6E23FD354000A24A00 /* Assets.xcassets in Resources */ = {isa = PBXBuildFile; fileRef = 4D24FF6D23FD354000A24A00 /* Assets.xcassets */; };
		4D24FF7123FD354000A24A00 /* LaunchScreen.storyboard in Resources */ = {isa = PBXBuildFile; fileRef = 4D24FF6F23FD354000A24A00 /* LaunchScreen.storyboard */; };
		4D7252002411454E008EDD9F /* SF-Pro-Rounded-Heavy.otf in Resources */ = {isa = PBXBuildFile; fileRef = 4D7251F72411454E008EDD9F /* SF-Pro-Rounded-Heavy.otf */; };
		4D7252032411454E008EDD9F /* SF-Pro-Rounded-Regular.otf in Resources */ = {isa = PBXBuildFile; fileRef = 4D7251FA2411454E008EDD9F /* SF-Pro-Rounded-Regular.otf */; };
		4D7252042411454E008EDD9F /* SF-Pro-Rounded-Semibold.otf in Resources */ = {isa = PBXBuildFile; fileRef = 4D7251FB2411454E008EDD9F /* SF-Pro-Rounded-Semibold.otf */; };
		4D7252052411454E008EDD9F /* SF-Pro-Rounded-Bold.otf in Resources */ = {isa = PBXBuildFile; fileRef = 4D7251FC2411454E008EDD9F /* SF-Pro-Rounded-Bold.otf */; };
		4D7252072411454E008EDD9F /* SF-Pro-Rounded-Black.otf in Resources */ = {isa = PBXBuildFile; fileRef = 4D7251FE2411454E008EDD9F /* SF-Pro-Rounded-Black.otf */; };
/* End PBXBuildFile section */

/* Begin PBXFileReference section */
		4D24FF6123FD353900A24A00 /* DiceCubes.app */ = {isa = PBXFileReference; explicitFileType = wrapper.application; includeInIndex = 0; path = DiceCubes.app; sourceTree = BUILT_PRODUCTS_DIR; };
		4D24FF6423FD353900A24A00 /* AppDelegate.swift */ = {isa = PBXFileReference; lastKnownFileType = sourcecode.swift; path = AppDelegate.swift; sourceTree = "<group>"; };
		4D24FF6623FD353900A24A00 /* SceneDelegate.swift */ = {isa = PBXFileReference; lastKnownFileType = sourcecode.swift; path = SceneDelegate.swift; sourceTree = "<group>"; };
		4D24FF6823FD353900A24A00 /* ViewController.swift */ = {isa = PBXFileReference; lastKnownFileType = sourcecode.swift; path = ViewController.swift; sourceTree = "<group>"; };
		4D24FF6B23FD353900A24A00 /* Base */ = {isa = PBXFileReference; lastKnownFileType = file.storyboard; name = Base; path = Base.lproj/Main.storyboard; sourceTree = "<group>"; };
		4D24FF6D23FD354000A24A00 /* Assets.xcassets */ = {isa = PBXFileReference; lastKnownFileType = folder.assetcatalog; path = Assets.xcassets; sourceTree = "<group>"; };
		4D24FF7023FD354000A24A00 /* Base */ = {isa = PBXFileReference; lastKnownFileType = file.storyboard; name = Base; path = Base.lproj/LaunchScreen.storyboard; sourceTree = "<group>"; };
		4D24FF7223FD354000A24A00 /* Info.plist */ = {isa = PBXFileReference; lastKnownFileType = text.plist.xml; path = Info.plist; sourceTree = "<group>"; };
		4D7251F72411454E008EDD9F /* SF-Pro-Rounded-Heavy.otf */ = {isa = PBXFileReference; lastKnownFileType = file; path = "SF-Pro-Rounded-Heavy.otf"; sourceTree = "<group>"; };
		4D7251FA2411454E008EDD9F /* SF-Pro-Rounded-Regular.otf */ = {isa = PBXFileReference; lastKnownFileType = file; path = "SF-Pro-Rounded-Regular.otf"; sourceTree = "<group>"; };
		4D7251FB2411454E008EDD9F /* SF-Pro-Rounded-Semibold.otf */ = {isa = PBXFileReference; lastKnownFileType = file; path = "SF-Pro-Rounded-Semibold.otf"; sourceTree = "<group>"; };
		4D7251FC2411454E008EDD9F /* SF-Pro-Rounded-Bold.otf */ = {isa = PBXFileReference; lastKnownFileType = file; path = "SF-Pro-Rounded-Bold.otf"; sourceTree = "<group>"; };
		4D7251FE2411454E008EDD9F /* SF-Pro-Rounded-Black.otf */ = {isa = PBXFileReference; lastKnownFileType = file; path = "SF-Pro-Rounded-Black.otf"; sourceTree = "<group>"; };
/* End PBXFileReference section */

/* Begin PBXFrameworksBuildPhase section */
		4D24FF5E23FD353900A24A00 /* Frameworks */ = {
			isa = PBXFrameworksBuildPhase;
			buildActionMask = 2147483647;
			files = (
			);
			runOnlyForDeploymentPostprocessing = 0;
		};
/* End PBXFrameworksBuildPhase section */

/* Begin PBXGroup section */
		4D24FF5823FD353900A24A00 = {
			isa = PBXGroup;
			children = (
				4D24FF6323FD353900A24A00 /* DiceCubes */,
				4D24FF6223FD353900A24A00 /* Products */,
			);
			sourceTree = "<group>";
		};
		4D24FF6223FD353900A24A00 /* Products */ = {
			isa = PBXGroup;
			children = (
				4D24FF6123FD353900A24A00 /* DiceCubes.app */,
			);
			name = Products;
			sourceTree = "<group>";
		};
		4D24FF6323FD353900A24A00 /* DiceCubes */ = {
			isa = PBXGroup;
			children = (
				4D7251F5241143FE008EDD9F /* Font */,
				4D24FF6423FD353900A24A00 /* AppDelegate.swift */,
				4D24FF6623FD353900A24A00 /* SceneDelegate.swift */,
				4D24FF6823FD353900A24A00 /* ViewController.swift */,
				4D24FF6A23FD353900A24A00 /* Main.storyboard */,
				4D24FF6D23FD354000A24A00 /* Assets.xcassets */,
				4D24FF6F23FD354000A24A00 /* LaunchScreen.storyboard */,
				4D24FF7223FD354000A24A00 /* Info.plist */,
			);
			path = DiceCubes;
			sourceTree = "<group>";
		};
		4D7251F5241143FE008EDD9F /* Font */ = {
			isa = PBXGroup;
			children = (
				4D7251FE2411454E008EDD9F /* SF-Pro-Rounded-Black.otf */,
				4D7251FC2411454E008EDD9F /* SF-Pro-Rounded-Bold.otf */,
				4D7251F72411454E008EDD9F /* SF-Pro-Rounded-Heavy.otf */,
				4D7251FA2411454E008EDD9F /* SF-Pro-Rounded-Regular.otf */,
				4D7251FB2411454E008EDD9F /* SF-Pro-Rounded-Semibold.otf */,
			);
			path = Font;
			sourceTree = "<group>";
		};
/* End PBXGroup section */

/* Begin PBXNativeTarget section */
		4D24FF6023FD353900A24A00 /* DiceCubes */ = {
			isa = PBXNativeTarget;
			buildConfigurationList = 4D24FF7523FD354000A24A00 /* Build configuration list for PBXNativeTarget "DiceCubes" */;
			buildPhases = (
				4D24FF5D23FD353900A24A00 /* Sources */,
				4D24FF5E23FD353900A24A00 /* Frameworks */,
				4D24FF5F23FD353900A24A00 /* Resources */,
			);
			buildRules = (
			);
			dependencies = (
			);
			name = DiceCubes;
			productName = DiceCubes;
			productReference = 4D24FF6123FD353900A24A00 /* DiceCubes.app */;
			productType = "com.apple.product-type.application";
		};
/* End PBXNativeTarget section */

/* Begin PBXProject section */
		4D24FF5923FD353900A24A00 /* Project object */ = {
			isa = PBXProject;
			attributes = {
				LastSwiftUpdateCheck = 1130;
				LastUpgradeCheck = 1220;
				ORGANIZATIONNAME = "Anastasia Vikulova";
				TargetAttributes = {
					4D24FF6023FD353900A24A00 = {
						CreatedOnToolsVersion = 11.3.1;
					};
				};
			};
			buildConfigurationList = 4D24FF5C23FD353900A24A00 /* Build configuration list for PBXProject "DiceCubes_firtsversion" */;
			compatibilityVersion = "Xcode 9.3";
			developmentRegion = en;
			hasScannedForEncodings = 0;
			knownRegions = (
				en,
				Base,
			);
			mainGroup = 4D24FF5823FD353900A24A00;
			productRefGroup = 4D24FF6223FD353900A24A00 /* Products */;
			projectDirPath = "";
			projectRoot = "";
			targets = (
				4D24FF6023FD353900A24A00 /* DiceCubes */,
			);
		};
/* End PBXProject section */

/* Begin PBXResourcesBuildPhase section */
		4D24FF5F23FD353900A24A00 /* Resources */ = {
			isa = PBXResourcesBuildPhase;
			buildActionMask = 2147483647;
			files = (
				4D24FF7123FD354000A24A00 /* LaunchScreen.storyboard in Resources */,
				4D7252002411454E008EDD9F /* SF-Pro-Rounded-Heavy.otf in Resources */,
				4D7252072411454E008EDD9F /* SF-Pro-Rounded-Black.otf in Resources */,
				4D24FF6E23FD354000A24A00 /* Assets.xcassets in Resources */,
				4D7252032411454E008EDD9F /* SF-Pro-Rounded-Regular.otf in Resources */,
				4D24FF6C23FD353900A24A00 /* Main.storyboard in Resources */,
				4D7252042411454E008EDD9F /* SF-Pro-Rounded-Semibold.otf in Resources */,
				4D7252052411454E008EDD9F /* SF-Pro-Rounded-Bold.otf in Resources */,
			);
			runOnlyForDeploymentPostprocessing = 0;
		};
/* End PBXResourcesBuildPhase section */

/* Begin PBXSourcesBuildPhase section */
		4D24FF5D23FD353900A24A00 /* Sources */ = {
			isa = PBXSourcesBuildPhase;
			buildActionMask = 2147483647;
			files = (
				4D24FF6923FD353900A24A00 /* ViewController.swift in Sources */,
				4D24FF6523FD353900A24A00 /* AppDelegate.swift in Sources */,
				4D24FF6723FD353900A24A00 /* SceneDelegate.swift in Sources */,
			);
			runOnlyForDeploymentPostprocessing = 0;
		};
/* End PBXSourcesBuildPhase section */

/* Begin PBXVariantGroup section */
		4D24FF6A23FD353900A24A00 /* Main.storyboard */ = {
			isa = PBXVariantGroup;
			children = (
				4D24FF6B23FD353900A24A00 /* Base */,
			);
			name = Main.storyboard;
			sourceTree = "<group>";
		};
		4D24FF6F23FD354000A24A00 /* LaunchScreen.storyboard */ = {
			isa = PBXVariantGroup;
			children = (
				4D24FF7023FD354000A24A00 /* Base */,
			);
			name = LaunchScreen.storyboard;
			sourceTree = "<group>";
		};
/* End PBXVariantGroup section */

/* Begin XCBuildConfiguration section */
		4D24FF7323FD354000A24A00 /* Debug */ = {
			isa = XCBuildConfiguration;
			buildSettings = {
				ALWAYS_SEARCH_USER_PATHS = NO;
				CLANG_ANALYZER_NONNULL = YES;
				CLANG_ANALYZER_NUMBER_OBJECT_CONVERSION = YES_AGGRESSIVE;
				CLANG_CXX_LANGUAGE_STANDARD = "gnu++14";
				CLANG_CXX_LIBRARY = "libc++";
				CLANG_ENABLE_MODULES = YES;
				CLANG_ENABLE_OBJC_ARC = YES;
				CLANG_ENABLE_OBJC_WEAK = YES;
				CLANG_WARN_BLOCK_CAPTURE_AUTORELEASING = YES;
				CLANG_WARN_BOOL_CONVERSION = YES;
				CLANG_WARN_COMMA = YES;
				CLANG_WARN_CONSTANT_CONVERSION = YES;
				CLANG_WARN_DEPRECATED_OBJC_IMPLEMENTATIONS = YES;
				CLANG_WARN_DIRECT_OBJC_ISA_USAGE = YES_ERROR;
				CLANG_WARN_DOCUMENTATION_COMMENTS = YES;
				CLANG_WARN_EMPTY_BODY = YES;
				CLANG_WARN_ENUM_CONVERSION = YES;
				CLANG_WARN_INFINITE_RECURSION = YES;
				CLANG_WARN_INT_CONVERSION = YES;
				CLANG_WARN_NON_LITERAL_NULL_CONVERSION = YES;
				CLANG_WARN_OBJC_IMPLICIT_RETAIN_SELF = YES;
				CLANG_WARN_OBJC_LITERAL_CONVERSION = YES;
				CLANG_WARN_OBJC_ROOT_CLASS = YES_ERROR;
				CLANG_WARN_QUOTED_INCLUDE_IN_FRAMEWORK_HEADER = YES;
				CLANG_WARN_RANGE_LOOP_ANALYSIS = YES;
				CLANG_WARN_STRICT_PROTOTYPES = YES;
				CLANG_WARN_SUSPICIOUS_MOVE = YES;
				CLANG_WARN_UNGUARDED_AVAILABILITY = YES_AGGRESSIVE;
				CLANG_WARN_UNREACHABLE_CODE = YES;
				CLANG_WARN__DUPLICATE_METHOD_MATCH = YES;
				COPY_PHASE_STRIP = NO;
				DEBUG_INFORMATION_FORMAT = dwarf;
				ENABLE_STRICT_OBJC_MSGSEND = YES;
				ENABLE_TESTABILITY = YES;
				GCC_C_LANGUAGE_STANDARD = gnu11;
				GCC_DYNAMIC_NO_PIC = NO;
				GCC_NO_COMMON_BLOCKS = YES;
				GCC_OPTIMIZATION_LEVEL = 0;
				GCC_PREPROCESSOR_DEFINITIONS = (
					"DEBUG=1",
					"$(inherited)",
				);
				GCC_WARN_64_TO_32_BIT_CONVERSION = YES;
				GCC_WARN_ABOUT_RETURN_TYPE = YES_ERROR;
				GCC_WARN_UNDECLARED_SELECTOR = YES;
				GCC_WARN_UNINITIALIZED_AUTOS = YES_AGGRESSIVE;
				GCC_WARN_UNUSED_FUNCTION = YES;
				GCC_WARN_UNUSED_VARIABLE = YES;
				IPHONEOS_DEPLOYMENT_TARGET = 13.2;
				MTL_ENABLE_DEBUG_INFO = INCLUDE_SOURCE;
				MTL_FAST_MATH = YES;
				ONLY_ACTIVE_ARCH = YES;
				SDKROOT = iphoneos;
				SWIFT_ACTIVE_COMPILATION_CONDITIONS = DEBUG;
				SWIFT_OPTIMIZATION_LEVEL = "-Onone";
			};
			name = Debug;
		};
		4D24FF7423FD354000A24A00 /* Release */ = {
			isa = XCBuildConfiguration;
			buildSettings = {
				ALWAYS_SEARCH_USER_PATHS = NO;
				CLANG_ANALYZER_NONNULL = YES;
				CLANG_ANALYZER_NUMBER_OBJECT_CONVERSION = YES_AGGRESSIVE;
				CLANG_CXX_LANGUAGE_STANDARD = "gnu++14";
				CLANG_CXX_LIBRARY = "libc++";
				CLANG_ENABLE_MODULES = YES;
				CLANG_ENABLE_OBJC_ARC = YES;
				CLANG_ENABLE_OBJC_WEAK = YES;
				CLANG_WARN_BLOCK_CAPTURE_AUTORELEASING = YES;
				CLANG_WARN_BOOL_CONVERSION = YES;
				CLANG_WARN_COMMA = YES;
				CLANG_WARN_CONSTANT_CONVERSION = YES;
				CLANG_WARN_DEPRECATED_OBJC_IMPLEMENTATIONS = YES;
				CLANG_WARN_DIRECT_OBJC_ISA_USAGE = YES_ERROR;
				CLANG_WARN_DOCUMENTATION_COMMENTS = YES;
				CLANG_WARN_EMPTY_BODY = YES;
				CLANG_WARN_ENUM_CONVERSION = YES;
				CLANG_WARN_INFINITE_RECURSION = YES;
				CLANG_WARN_INT_CONVERSION = YES;
				CLANG_WARN_NON_LITERAL_NULL_CONVERSION = YES;
				CLANG_WARN_OBJC_IMPLICIT_RETAIN_SELF = YES;
				CLANG_WARN_OBJC_LITERAL_CONVERSION = YES;
				CLANG_WARN_OBJC_ROOT_CLASS = YES_ERROR;
				CLANG_WARN_QUOTED_INCLUDE_IN_FRAMEWORK_HEADER = YES;
				CLANG_WARN_RANGE_LOOP_ANALYSIS = YES;
				CLANG_WARN_STRICT_PROTOTYPES = YES;
				CLANG_WARN_SUSPICIOUS_MOVE = YES;
				CLANG_WARN_UNGUARDED_AVAILABILITY = YES_AGGRESSIVE;
				CLANG_WARN_UNREACHABLE_CODE = YES;
				CLANG_WARN__DUPLICATE_METHOD_MATCH = YES;
				COPY_PHASE_STRIP = NO;
				DEBUG_INFORMATION_FORMAT = "dwarf-with-dsym";
				ENABLE_NS_ASSERTIONS = NO;
				ENABLE_STRICT_OBJC_MSGSEND = YES;
				GCC_C_LANGUAGE_STANDARD = gnu11;
				GCC_NO_COMMON_BLOCKS = YES;
				GCC_WARN_64_TO_32_BIT_CONVERSION = YES;
				GCC_WARN_ABOUT_RETURN_TYPE = YES_ERROR;
				GCC_WARN_UNDECLARED_SELECTOR = YES;
				GCC_WARN_UNINITIALIZED_AUTOS = YES_AGGRESSIVE;
				GCC_WARN_UNUSED_FUNCTION = YES;
				GCC_WARN_UNUSED_VARIABLE = YES;
				IPHONEOS_DEPLOYMENT_TARGET = 13.2;
				MTL_ENABLE_DEBUG_INFO = NO;
				MTL_FAST_MATH = YES;
				SDKROOT = iphoneos;
				SWIFT_COMPILATION_MODE = wholemodule;
				SWIFT_OPTIMIZATION_LEVEL = "-O";
				VALIDATE_PRODUCT = YES;
			};
			name = Release;
		};
		4D24FF7623FD354000A24A00 /* Debug */ = {
			isa = XCBuildConfiguration;
			buildSettings = {
				ASSETCATALOG_COMPILER_APPICON_NAME = AppIcon;
				CODE_SIGN_IDENTITY = "iPhone Developer";
				CODE_SIGN_STYLE = Automatic;
				CURRENT_PROJECT_VERSION = 4;
				DEVELOPMENT_TEAM = 3VGF8XSS8Q;
				INFOPLIST_FILE = DiceCubes/Info.plist;
				IPHONEOS_DEPLOYMENT_TARGET = 12.0;
				LD_RUNPATH_SEARCH_PATHS = (
					"$(inherited)",
					"@executable_path/Frameworks",
				);
				MARKETING_VERSION = "1.1 ";
				PRODUCT_BUNDLE_IDENTIFIER = com.anastasiavikulova.DiceCubes;
				PRODUCT_NAME = "$(TARGET_NAME)";
				SWIFT_VERSION = 5.0;
				TARGETED_DEVICE_FAMILY = "1,2";
			};
			name = Debug;
		};
		4D24FF7723FD354000A24A00 /* Release */ = {
			isa = XCBuildConfiguration;
			buildSettings = {
				ASSETCATALOG_COMPILER_APPICON_NAME = AppIcon;
				CODE_SIGN_IDENTITY = "iPhone Developer";
				CODE_SIGN_STYLE = Automatic;
				CURRENT_PROJECT_VERSION = 4;
				DEVELOPMENT_TEAM = 3VGF8XSS8Q;
				INFOPLIST_FILE = DiceCubes/Info.plist;
				IPHONEOS_DEPLOYMENT_TARGET = 12.0;
				LD_RUNPATH_SEARCH_PATHS = (
					"$(inherited)",
					"@executable_path/Frameworks",
				);
				MARKETING_VERSION = "1.1 ";
				PRODUCT_BUNDLE_IDENTIFIER = com.anastasiavikulova.DiceCubes;
				PRODUCT_NAME = "$(TARGET_NAME)";
				SWIFT_VERSION = 5.0;
				TARGETED_DEVICE_FAMILY = "1,2";
			};
			name = Release;
		};
/* End XCBuildConfiguration section */

/* Begin XCConfigurationList section */
		4D24FF5C23FD353900A24A00 /* Build configuration list for PBXProject "DiceCubes_firtsversion" */ = {
			isa = XCConfigurationList;
			buildConfigurations = (
				4D24FF7323FD354000A24A00 /* Debug */,
				4D24FF7423FD354000A24A00 /* Release */,
			);
			defaultConfigurationIsVisible = 0;
			defaultConfigurationName = Release;
		};
		4D24FF7523FD354000A24A00 /* Build configuration list for PBXNativeTarget "DiceCubes" */ = {
			isa = XCConfigurationList;
			buildConfigurations = (
				4D24FF7623FD354000A24A00 /* Debug */,
				4D24FF7723FD354000A24A00 /* Release */,
			);
			defaultConfigurationIsVisible = 0;
			defaultConfigurationName = Release;
		};
/* End XCConfigurationList section */
	};
	rootObject = 4D24FF5923FD353900A24A00 /* Project object */;
}
